
Microsoft Visual Studio Solution File, Format Version 12.00
# Visual Studio 15
Project("{FAE04EC0-301F-11D3-BF4B-00C04F79EFBC}") = "homework3_hierarchy.Android", "homework3_hierarchy.Android\homework3_hierarchy.Android.csproj", "{EE10C833-6B54-4CDD-9CDB-AADEA67DB2B1}"
EndProject
Project("{FAE04EC0-301F-11D3-BF4B-00C04F79EFBC}") = "homework3_hierarchy.iOS", "homework3_hierarchy.iOS\homework3_hierarchy.iOS.csproj", "{7781CFA8-78AC-4EF0-9935-244B121B1D6C}"
EndProject
Project("{D954291E-2A0B-460D-934E-DC6B0785DB48}") = "homework3_hierarchy", "homework3_hierarchy\homework3_hierarchy.shproj", "{1F4DA09B-7DBA-4265-BC0B-D24F23F94CA9}"
EndProject
Global
	GlobalSection(SolutionConfigurationPlatforms) = preSolution
		Debug|Any CPU = Debug|Any CPU
		Release|Any CPU = Release|Any CPU
		Debug|iPhoneSimulator = Debug|iPhoneSimulator
		Release|iPhoneSimulator = Release|iPhoneSimulator
		Debug|iPhone = Debug|iPhone
		Release|iPhone = Release|iPhone
	EndGlobalSection
	GlobalSection(ProjectConfigurationPlatforms) = postSolution
		{EE10C833-6B54-4CDD-9CDB-AADEA67DB2B1}.Debug|Any CPU.ActiveCfg = Debug|Any CPU
		{EE10C833-6B54-4CDD-9CDB-AADEA67DB2B1}.Debug|Any CPU.Build.0 = Debug|Any CPU
		{EE10C833-6B54-4CDD-9CDB-AADEA67DB2B1}.Release|Any CPU.ActiveCfg = Release|Any CPU
		{EE10C833-6B54-4CDD-9CDB-AADEA67DB2B1}.Release|Any CPU.Build.0 = Release|Any CPU
		{EE10C833-6B54-4CDD-9CDB-AADEA67DB2B1}.Debug|iPhoneSimulator.ActiveCfg = Debug|Any CPU
		{EE10C833-6B54-4CDD-9CDB-AADEA67DB2B1}.Debug|iPhoneSimulator.Build.0 = Debug|Any CPU
		{EE10C833-6B54-4CDD-9CDB-AADEA67DB2B1}.Release|iPhoneSimulator.ActiveCfg = Release|Any CPU
		{EE10C833-6B54-4CDD-9CDB-AADEA67DB2B1}.Release|iPhoneSimulator.Build.0 = Release|Any CPU
		{EE10C833-6B54-4CDD-9CDB-AADEA67DB2B1}.Debug|iPhone.ActiveCfg = Debug|Any CPU
		{EE10C833-6B54-4CDD-9CDB-AADEA67DB2B1}.Debug|iPhone.Build.0 = Debug|Any CPU
		{EE10C833-6B54-4CDD-9CDB-AADEA67DB2B1}.Release|iPhone.ActiveCfg = Release|Any CPU
		{EE10C833-6B54-4CDD-9CDB-AADEA67DB2B1}.Release|iPhone.Build.0 = Release|Any CPU
		{7781CFA8-78AC-4EF0-9935-244B121B1D6C}.Debug|Any CPU.ActiveCfg = Debug|iPhoneSimulator
		{7781CFA8-78AC-4EF0-9935-244B121B1D6C}.Debug|Any CPU.Build.0 = Debug|iPhoneSimulator
		{7781CFA8-78AC-4EF0-9935-244B121B1D6C}.Release|Any CPU.ActiveCfg = Release|iPhoneSimulator
		{7781CFA8-78AC-4EF0-9935-244B121B1D6C}.Release|Any CPU.Build.0 = Release|iPhoneSimulator
		{7781CFA8-78AC-4EF0-9935-244B121B1D6C}.Debug|iPhoneSimulator.ActiveCfg = Debug|iPhoneSimulator
		{7781CFA8-78AC-4EF0-9935-244B121B1D6C}.Debug|iPhoneSimulator.Build.0 = Debug|iPhoneSimulator
		{7781CFA8-78AC-4EF0-9935-244B121B1D6C}.Release|iPhoneSimulator.ActiveCfg = Release|iPhoneSimulator
		{7781CFA8-78AC-4EF0-9935-244B121B1D6C}.Release|iPhoneSimulator.Build.0 = Release|iPhoneSimulator
		{7781CFA8-78AC-4EF0-9935-244B121B1D6C}.Debug|iPhone.ActiveCfg = Debug|iPhone
		{7781CFA8-78AC-4EF0-9935-244B121B1D6C}.Debug|iPhone.Build.0 = Debug|iPhone
		{7781CFA8-78AC-4EF0-9935-244B121B1D6C}.Release|iPhone.ActiveCfg = Release|iPhone
		{7781CFA8-78AC-4EF0-9935-244B121B1D6C}.Release|iPhone.Build.0 = Release|iPhone
	EndGlobalSection
EndGlobal
